
Microsoft Visual Studio Solution File, Format Version 12.00
# Visual Studio 15
Project("{FAE04EC0-301F-11D3-BF4B-00C04F79EFBC}") = "Assembly-CSharp-Editor", "Assembly-CSharp-Editor.csproj", "{86B368B5-A705-ABB0-ECB9-969D908676DE}"
EndProject
Project("{FAE04EC0-301F-11D3-BF4B-00C04F79EFBC}") = "Assembly-CSharp", "Assembly-CSharp.csproj", "{242B22FD-F98C-5D6A-278B-DFB8DF332270}"
EndProject
Global
	GlobalSection(SolutionConfigurationPlatforms) = preSolution
		Debug|Any CPU = Debug|Any CPU
		Release|Any CPU = Release|Any CPU
	EndGlobalSection
	GlobalSection(ProjectConfigurationPlatforms) = postSolution
		{86B368B5-A705-ABB0-ECB9-969D908676DE}.Debug|Any CPU.ActiveCfg = Debug|Any CPU
		{86B368B5-A705-ABB0-ECB9-969D908676DE}.Debug|Any CPU.Build.0 = Debug|Any CPU
		{86B368B5-A705-ABB0-ECB9-969D908676DE}.Release|Any CPU.ActiveCfg = Release|Any CPU
		{86B368B5-A705-ABB0-ECB9-969D908676DE}.Release|Any CPU.Build.0 = Release|Any CPU
		{242B22FD-F98C-5D6A-278B-DFB8DF332270}.Debug|Any CPU.ActiveCfg = Debug|Any CPU
		{242B22FD-F98C-5D6A-278B-DFB8DF332270}.Debug|Any CPU.Build.0 = Debug|Any CPU
		{242B22FD-F98C-5D6A-278B-DFB8DF332270}.Release|Any CPU.ActiveCfg = Release|Any CPU
		{242B22FD-F98C-5D6A-278B-DFB8DF332270}.Release|Any CPU.Build.0 = Release|Any CPU
	EndGlobalSection
	GlobalSection(SolutionProperties) = preSolution
		HideSolutionNode = FALSE
	EndGlobalSection
EndGlobal
